
Microsoft Visual Studio Solution File, Format Version 12.00
# Visual Studio Version 16
VisualStudioVersion = 16.0.32602.290
MinimumVisualStudioVersion = 10.0.40219.1
Project("{FAE04EC0-301F-11D3-BF4B-00C04F79EFBC}") = "Ejercicio 3", "Ejercicio 3\Ejercicio 3.csproj", "{F5858112-D905-4171-989D-5A9758562B81}"
EndProject
Global
	GlobalSection(SolutionConfigurationPlatforms) = preSolution
		Debug|Any CPU = Debug|Any CPU
		Release|Any CPU = Release|Any CPU
	EndGlobalSection
	GlobalSection(ProjectConfigurationPlatforms) = postSolution
		{F5858112-D905-4171-989D-5A9758562B81}.Debug|Any CPU.ActiveCfg = Debug|Any CPU
		{F5858112-D905-4171-989D-5A9758562B81}.Debug|Any CPU.Build.0 = Debug|Any CPU
		{F5858112-D905-4171-989D-5A9758562B81}.Release|Any CPU.ActiveCfg = Release|Any CPU
		{F5858112-D905-4171-989D-5A9758562B81}.Release|Any CPU.Build.0 = Release|Any CPU
	EndGlobalSection
	GlobalSection(SolutionProperties) = preSolution
		HideSolutionNode = FALSE
	EndGlobalSection
	GlobalSection(ExtensibilityGlobals) = postSolution
		SolutionGuid = {4A5F2EDE-135C-44D6-80C4-D771CA6B711D}
	EndGlobalSection
EndGlobal
